
Microsoft Visual Studio Solution File, Format Version 12.00
# Visual Studio Version 17
VisualStudioVersion = 17.8.34316.72
MinimumVisualStudioVersion = 10.0.40219.1
Project("{9A19103F-16F7-4668-BE54-9A1E7A4F7556}") = "MVC-Entrance", "MVC-Entrance.csproj", "{E2CDBB61-69D2-4CED-B83C-50B11060C635}"
EndProject
Global
	GlobalSection(SolutionConfigurationPlatforms) = preSolution
		Debug|Any CPU = Debug|Any CPU
		Release|Any CPU = Release|Any CPU
	EndGlobalSection
	GlobalSection(ProjectConfigurationPlatforms) = postSolution
		{E2CDBB61-69D2-4CED-B83C-50B11060C635}.Debug|Any CPU.ActiveCfg = Debug|Any CPU
		{E2CDBB61-69D2-4CED-B83C-50B11060C635}.Debug|Any CPU.Build.0 = Debug|Any CPU
		{E2CDBB61-69D2-4CED-B83C-50B11060C635}.Release|Any CPU.ActiveCfg = Release|Any CPU
		{E2CDBB61-69D2-4CED-B83C-50B11060C635}.Release|Any CPU.Build.0 = Release|Any CPU
	EndGlobalSection
	GlobalSection(SolutionProperties) = preSolution
		HideSolutionNode = FALSE
	EndGlobalSection
	GlobalSection(ExtensibilityGlobals) = postSolution
		SolutionGuid = {0906FEA2-5BE6-4B62-ABC5-5A9AB3E26E8C}
	EndGlobalSection
EndGlobal
